PODS:
  - Cartography (4.0.0)
  - FSPagerView (0.8.3)
  - Kingfisher (5.14.0):
    - Kingfisher/Core (= 5.14.0)
  - Kingfisher/Core (5.14.0)

DEPENDENCIES:
  - Cartography
  - FSPagerView (from `https://github.com/cctv888/FSPagerView.git`)
  - Kingfisher

SPEC REPOS:
  trunk:
    - Cartography
    - Kingfisher

EXTERNAL SOURCES:
  FSPagerView:
    :git: https://github.com/cctv888/FSPagerView.git

CHECKOUT OPTIONS:
  FSPagerView:
    :commit: 0bedae1073d987983e9c536b81e2bc5a101ddb04
    :git: https://github.com/cctv888/FSPagerView.git

SPEC CHECKSUMS:
  Cartography: c5626d29056b20f1e95c017326ee4df57cc39ad8
  FSPagerView: 670405b2f18e2a87fa37f20b00de783e562c25a8
  Kingfisher: 7b64389a43139c903ec434788344c288217c792d

PODFILE CHECKSUM: 359af474b0b08ae2523af20795a2a6082163a80d

COCOAPODS: 1.9.3
